// !$*UTF8*$!
{
	archiveVersion = 1;
	classes = {
	};
	objectVersion = 56;
	objects = {

/* Begin PBXBuildFile section */
		0045DC852AE0C667B3EEBE69 /* ContentView.swift in Sources */ = {isa = PBXBuildFile; fileRef = 020000000000000000000004 /* ContentView.swift */; };
		0063F6484393362CC94F6B7B /* JueceoCore in Frameworks */ = {isa = PBXBuildFile; productRef = 0C0000000000000000000001 /* JueceoCore */; };
		0092E5FE586F026AEC35EF92 /* ScoreSheetPDFExporter.swift in Sources */ = {isa = PBXBuildFile; fileRef = 020000000000000000000021 /* ScoreSheetPDFExporter.swift */; };
		010000000000000000000001 /* JueceoCoreografiasApp.swift in Sources */ = {isa = PBXBuildFile; fileRef = 020000000000000000000001 /* JueceoCoreografiasApp.swift */; };
		010000000000000000000002 /* AppBrand.swift in Sources */ = {isa = PBXBuildFile; fileRef = 020000000000000000000002 /* AppBrand.swift */; };
		010000000000000000000003 /* JudgingStore.swift in Sources */ = {isa = PBXBuildFile; fileRef = 020000000000000000000003 /* JudgingStore.swift */; };
		010000000000000000000004 /* ContentView.swift in Sources */ = {isa = PBXBuildFile; fileRef = 020000000000000000000004 /* ContentView.swift */; };
		010000000000000000000005 /* BlocksView.swift in Sources */ = {isa = PBXBuildFile; fileRef = 020000000000000000000005 /* BlocksView.swift */; };
		010000000000000000000006 /* JudgingView.swift in Sources */ = {isa = PBXBuildFile; fileRef = 020000000000000000000006 /* JudgingView.swift */; };
		010000000000000000000007 /* ScoresView.swift in Sources */ = {isa = PBXBuildFile; fileRef = 020000000000000000000007 /* ScoresView.swift */; };
		010000000000000000000008 /* DictamenView.swift in Sources */ = {isa = PBXBuildFile; fileRef = 020000000000000000000008 /* DictamenView.swift */; };
		010000000000000000000009 /* PDFExporter.swift in Sources */ = {isa = PBXBuildFile; fileRef = 020000000000000000000009 /* PDFExporter.swift */; };
		010000000000000000000010 /* ShareSheet.swift in Sources */ = {isa = PBXBuildFile; fileRef = 020000000000000000000010 /* ShareSheet.swift */; };
		010000000000000000000011 /* app_data.json in Resources */ = {isa = PBXBuildFile; fileRef = 020000000000000000000011 /* app_data.json */; };
		010000000000000000000012 /* Bloque2.xlsx in Resources */ = {isa = PBXBuildFile; fileRef = 020000000000000000000012 /* Bloque2.xlsx */; };
		010000000000000000000015 /* RemoteJudgingRepository.swift in Sources */ = {isa = PBXBuildFile; fileRef = 020000000000000000000015 /* RemoteJudgingRepository.swift */; };
		010000000000000000000016 /* ExcelImportView.swift in Sources */ = {isa = PBXBuildFile; fileRef = 020000000000000000000016 /* ExcelImportView.swift */; };
		010000000000000000000017 /* AdminView.swift in Sources */ = {isa = PBXBuildFile; fileRef = 020000000000000000000017 /* AdminView.swift */; };
		010000000000000000000018 /* Assets.xcassets in Resources */ = {isa = PBXBuildFile; fileRef = 020000000000000000000018 /* Assets.xcassets */; };
		010000000000000000000019 /* FavoritesView.swift in Sources */ = {isa = PBXBuildFile; fileRef = 020000000000000000000019 /* FavoritesView.swift */; };
		010000000000000000000020 /* GoogleDriveService.swift in Sources */ = {isa = PBXBuildFile; fileRef = 020000000000000000000020 /* GoogleDriveService.swift */; };
		010000000000000000000021 /* ScoreSheetPDFExporter.swift in Sources */ = {isa = PBXBuildFile; fileRef = 020000000000000000000021 /* ScoreSheetPDFExporter.swift */; };
		010000000000000000000022 /* PhoneContentView.swift in Sources */ = {isa = PBXBuildFile; fileRef = 020000000000000000000022 /* PhoneContentView.swift */; };
		010000000000000000000023 /* JudgingSheetPDFExporter.swift in Sources */ = {isa = PBXBuildFile; fileRef = 020000000000000000000023 /* JudgingSheetPDFExporter.swift */; };
		010000000000000000000024 /* JueceoCore in Frameworks */ = {isa = PBXBuildFile; productRef = 0C0000000000000000000001 /* JueceoCore */; };
		099588A0FC509B83D3DBFAFE /* PhoneContentView.swift in Sources */ = {isa = PBXBuildFile; fileRef = 020000000000000000000022 /* PhoneContentView.swift */; };
		144FC3AD4EF5762E1AD02EB0 /* AdminView.swift in Sources */ = {isa = PBXBuildFile; fileRef = 020000000000000000000017 /* AdminView.swift */; };
		17A773F34CE38DFAA8954469 /* ScoresView.swift in Sources */ = {isa = PBXBuildFile; fileRef = 020000000000000000000007 /* ScoresView.swift */; };
		17B9194FA302E3FE84436846 /* GoogleDriveService.swift in Sources */ = {isa = PBXBuildFile; fileRef = 020000000000000000000020 /* GoogleDriveService.swift */; };
		291F293D9C43D1C36E689BF9 /* JudgingStore.swift in Sources */ = {isa = PBXBuildFile; fileRef = 020000000000000000000003 /* JudgingStore.swift */; };
		2A1F5535B15A17F5B7C5464D /* FavoritesView.swift in Sources */ = {isa = PBXBuildFile; fileRef = 020000000000000000000019 /* FavoritesView.swift */; };
		2EF11AEB368DAED83ACECAF7 /* BlocksView.swift in Sources */ = {isa = PBXBuildFile; fileRef = 020000000000000000000005 /* BlocksView.swift */; };
		30A5D04237009829B5AD719F /* FavoritesView.swift in Sources */ = {isa = PBXBuildFile; fileRef = 020000000000000000000019 /* FavoritesView.swift */; };
		3A622DDD53434122E91795E2 /* RemoteJudgingRepository.swift in Sources */ = {isa = PBXBuildFile; fileRef = 020000000000000000000015 /* RemoteJudgingRepository.swift */; };
		3BDD28C3314EDDDE47A7C38D /* AppBrand.swift in Sources */ = {isa = PBXBuildFile; fileRef = 020000000000000000000002 /* AppBrand.swift */; };
		3FFB28DF6B4242DFC112049B /* ShareSheet.swift in Sources */ = {isa = PBXBuildFile; fileRef = 020000000000000000000010 /* ShareSheet.swift */; };
		47899F346D1F3BC63EE5D720 /* ExcelImportView.swift in Sources */ = {isa = PBXBuildFile; fileRef = 020000000000000000000016 /* ExcelImportView.swift */; };
		4892FDBE6840B7750213FA05 /* ScoresView.swift in Sources */ = {isa = PBXBuildFile; fileRef = 020000000000000000000007 /* ScoresView.swift */; };
		4A77EA15DA8EBC2EC32D5836 /* RemoteJudgingRepository.swift in Sources */ = {isa = PBXBuildFile; fileRef = 020000000000000000000015 /* RemoteJudgingRepository.swift */; };
		4F3E911B1361AF3BB6EF91C0 /* JueceoCore in Frameworks */ = {isa = PBXBuildFile; productRef = 0C0000000000000000000001 /* JueceoCore */; };
		51872B0E628BBB67BA329ECF /* app_data.json in Resources */ = {isa = PBXBuildFile; fileRef = 020000000000000000000011 /* app_data.json */; };
		599B493CCF983573795364EF /* AdminView.swift in Sources */ = {isa = PBXBuildFile; fileRef = 020000000000000000000017 /* AdminView.swift */; };
		6958AB6D5DB56DF568C3E079 /* BlocksView.swift in Sources */ = {isa = PBXBuildFile; fileRef = 020000000000000000000005 /* BlocksView.swift */; };
		86EEDA77B9DD4FA045187A64 /* ScoreSheetPDFExporter.swift in Sources */ = {isa = PBXBuildFile; fileRef = 020000000000000000000021 /* ScoreSheetPDFExporter.swift */; };
		889308D0EBEDC8D1864E38D3 /* PDFExporter.swift in Sources */ = {isa = PBXBuildFile; fileRef = 020000000000000000000009 /* PDFExporter.swift */; };
		893428710B16C279CE2D3E62 /* ShareSheet.swift in Sources */ = {isa = PBXBuildFile; fileRef = 020000000000000000000010 /* ShareSheet.swift */; };
		8DAA140C92398650BB95CDB9 /* JudgingStore.swift in Sources */ = {isa = PBXBuildFile; fileRef = 020000000000000000000003 /* JudgingStore.swift */; };
		A3171D964CAE9A2DE4BAFE6D /* DictamenView.swift in Sources */ = {isa = PBXBuildFile; fileRef = 020000000000000000000008 /* DictamenView.swift */; };
		AAF6BF9081E1FA4F76DB05C3 /* JueceoCoreografiasApp.swift in Sources */ = {isa = PBXBuildFile; fileRef = 020000000000000000000001 /* JueceoCoreografiasApp.swift */; };
		AB0189ED731D983AF3F628E5 /* DictamenView.swift in Sources */ = {isa = PBXBuildFile; fileRef = 020000000000000000000008 /* DictamenView.swift */; };
		B1442A576BE79BD735B7E8BC /* PhoneContentView.swift in Sources */ = {isa = PBXBuildFile; fileRef = 020000000000000000000022 /* PhoneContentView.swift */; };
		B4C6D1C82167BD132875FCDB /* ContentView.swift in Sources */ = {isa = PBXBuildFile; fileRef = 020000000000000000000004 /* ContentView.swift */; };
		B7956628AD247428479DEFED /* JudgingView.swift in Sources */ = {isa = PBXBuildFile; fileRef = 020000000000000000000006 /* JudgingView.swift */; };
		BB062D9919ED2B8358413D1A /* Bloque2.xlsx in Resources */ = {isa = PBXBuildFile; fileRef = 020000000000000000000012 /* Bloque2.xlsx */; };
		BE589D329EECB39EF1852A0E /* Assets.xcassets in Resources */ = {isa = PBXBuildFile; fileRef = 020000000000000000000018 /* Assets.xcassets */; };
		BF9528BF9AADA94C8515A3BF /* PDFExporter.swift in Sources */ = {isa = PBXBuildFile; fileRef = 020000000000000000000009 /* PDFExporter.swift */; };
		C3416F754724D80C6D84DD48 /* JudgingSheetPDFExporter.swift in Sources */ = {isa = PBXBuildFile; fileRef = 020000000000000000000023 /* JudgingSheetPDFExporter.swift */; };
		CE12A8007CA5CD82669F4532 /* JudgingView.swift in Sources */ = {isa = PBXBuildFile; fileRef = 020000000000000000000006 /* JudgingView.swift */; };
		D0644C1B7F11FBE935675184 /* AppBrand.swift in Sources */ = {isa = PBXBuildFile; fileRef = 020000000000000000000002 /* AppBrand.swift */; };
		D6A5B326BC7C79403A457A56 /* app_data.json in Resources */ = {isa = PBXBuildFile; fileRef = 020000000000000000000011 /* app_data.json */; };
		DF6706125F4380C273180F1D /* GoogleDriveService.swift in Sources */ = {isa = PBXBuildFile; fileRef = 020000000000000000000020 /* GoogleDriveService.swift */; };
		E003AC50292386BF971F901E /* Bloque2.xlsx in Resources */ = {isa = PBXBuildFile; fileRef = 020000000000000000000012 /* Bloque2.xlsx */; };
		E29BF9397F103CEE0A853291 /* JudgingSheetPDFExporter.swift in Sources */ = {isa = PBXBuildFile; fileRef = 020000000000000000000023 /* JudgingSheetPDFExporter.swift */; };
		EE45E32A0980048126A7FBC3 /* Assets.xcassets in Resources */ = {isa = PBXBuildFile; fileRef = 020000000000000000000018 /* Assets.xcassets */; };
		F54A80E31EE82D59752823F6 /* ExcelImportView.swift in Sources */ = {isa = PBXBuildFile; fileRef = 020000000000000000000016 /* ExcelImportView.swift */; };
		FC48908535AF3CBF0A990B7C /* JueceoCoreografiasApp.swift in Sources */ = {isa = PBXBuildFile; fileRef = 020000000000000000000001 /* JueceoCoreografiasApp.swift */; };
/* End PBXBuildFile section */

/* Begin PBXFileReference section */
		020000000000000000000001 /* JueceoCoreografiasApp.swift */ = {isa = PBXFileReference; lastKnownFileType = sourcecode.swift; path = JueceoCoreografiasApp.swift; sourceTree = "<group>"; };
		020000000000000000000002 /* AppBrand.swift */ = {isa = PBXFileReference; lastKnownFileType = sourcecode.swift; path = AppBrand.swift; sourceTree = "<group>"; };
		020000000000000000000003 /* JudgingStore.swift */ = {isa = PBXFileReference; lastKnownFileType = sourcecode.swift; path = JudgingStore.swift; sourceTree = "<group>"; };
		020000000000000000000004 /* ContentView.swift */ = {isa = PBXFileReference; lastKnownFileType = sourcecode.swift; path = ContentView.swift; sourceTree = "<group>"; };
		020000000000000000000005 /* BlocksView.swift */ = {isa = PBXFileReference; lastKnownFileType = sourcecode.swift; path = BlocksView.swift; sourceTree = "<group>"; };
		020000000000000000000006 /* JudgingView.swift */ = {isa = PBXFileReference; lastKnownFileType = sourcecode.swift; path = JudgingView.swift; sourceTree = "<group>"; };
		020000000000000000000007 /* ScoresView.swift */ = {isa = PBXFileReference; lastKnownFileType = sourcecode.swift; path = ScoresView.swift; sourceTree = "<group>"; };
		020000000000000000000008 /* DictamenView.swift */ = {isa = PBXFileReference; lastKnownFileType = sourcecode.swift; path = DictamenView.swift; sourceTree = "<group>"; };
		020000000000000000000009 /* PDFExporter.swift */ = {isa = PBXFileReference; lastKnownFileType = sourcecode.swift; path = PDFExporter.swift; sourceTree = "<group>"; };
		020000000000000000000010 /* ShareSheet.swift */ = {isa = PBXFileReference; lastKnownFileType = sourcecode.swift; path = ShareSheet.swift; sourceTree = "<group>"; };
		020000000000000000000011 /* app_data.json */ = {isa = PBXFileReference; lastKnownFileType = text.json; path = app_data.json; sourceTree = "<group>"; };
		020000000000000000000012 /* Bloque2.xlsx */ = {isa = PBXFileReference; lastKnownFileType = file; path = Bloque2.xlsx; sourceTree = "<group>"; };
		020000000000000000000013 /* Info.plist */ = {isa = PBXFileReference; lastKnownFileType = text.plist.xml; path = Info.plist; sourceTree = "<group>"; };
		020000000000000000000014 /* JueceoCoreografias.app */ = {isa = PBXFileReference; explicitFileType = wrapper.application; includeInIndex = 0; path = JueceoCoreografias.app; sourceTree = BUILT_PRODUCTS_DIR; };
		020000000000000000000015 /* RemoteJudgingRepository.swift */ = {isa = PBXFileReference; lastKnownFileType = sourcecode.swift; path = RemoteJudgingRepository.swift; sourceTree = "<group>"; };
		020000000000000000000016 /* ExcelImportView.swift */ = {isa = PBXFileReference; lastKnownFileType = sourcecode.swift; path = ExcelImportView.swift; sourceTree = "<group>"; };
		020000000000000000000017 /* AdminView.swift */ = {isa = PBXFileReference; lastKnownFileType = sourcecode.swift; path = AdminView.swift; sourceTree = "<group>"; };
		020000000000000000000018 /* Assets.xcassets */ = {isa = PBXFileReference; lastKnownFileType = folder.assetcatalog; path = Assets.xcassets; sourceTree = "<group>"; };
		020000000000000000000019 /* FavoritesView.swift */ = {isa = PBXFileReference; lastKnownFileType = sourcecode.swift; path = FavoritesView.swift; sourceTree = "<group>"; };
		020000000000000000000020 /* GoogleDriveService.swift */ = {isa = PBXFileReference; lastKnownFileType = sourcecode.swift; path = GoogleDriveService.swift; sourceTree = "<group>"; };
		020000000000000000000021 /* ScoreSheetPDFExporter.swift */ = {isa = PBXFileReference; lastKnownFileType = sourcecode.swift; path = ScoreSheetPDFExporter.swift; sourceTree = "<group>"; };
		020000000000000000000022 /* PhoneContentView.swift */ = {isa = PBXFileReference; lastKnownFileType = sourcecode.swift; path = PhoneContentView.swift; sourceTree = "<group>"; };
		020000000000000000000023 /* JudgingSheetPDFExporter.swift */ = {isa = PBXFileReference; lastKnownFileType = sourcecode.swift; path = JudgingSheetPDFExporter.swift; sourceTree = "<group>"; };
		020000000000000000000024 /* Info-macOS.plist */ = {isa = PBXFileReference; lastKnownFileType = text.plist.xml; path = "Info-macOS.plist"; sourceTree = "<group>"; };
		020000000000000000000025 /* Levitate-macOS.entitlements */ = {isa = PBXFileReference; lastKnownFileType = text.plist.entitlements; path = "Levitate-macOS.entitlements"; sourceTree = "<group>"; };
		338EC6DF15472F5A8566FDDB /* AuroraCircuit.app */ = {isa = PBXFileReference; explicitFileType = wrapper.application; includeInIndex = 0; name = AuroraCircuit.app; path = AuroraCircuit.app; sourceTree = BUILT_PRODUCTS_DIR; };
		7F22C5F4DAB9F4B197E0A328 /* PrismaOpen.app */ = {isa = PBXFileReference; explicitFileType = wrapper.application; includeInIndex = 0; name = PrismaOpen.app; path = PrismaOpen.app; sourceTree = BUILT_PRODUCTS_DIR; };
		E47F9C8C4827921C9B19E625 /* Foundation.framework */ = {isa = PBXFileReference; lastKnownFileType = wrapper.framework; name = Foundation.framework; path = Platforms/iPhoneOS.platform/Developer/SDKs/iPhoneOS18.0.sdk/System/Library/Frameworks/Foundation.framework; sourceTree = DEVELOPER_DIR; };
/* End PBXFileReference section */

/* Begin PBXFrameworksBuildPhase section */
		030000000000000000000001 /* Frameworks */ = {
			isa = PBXFrameworksBuildPhase;
			buildActionMask = 2147483647;
			files = (
				010000000000000000000024 /* JueceoCore in Frameworks */,
			);
			runOnlyForDeploymentPostprocessing = 0;
		};
		212BA1B35C8878BEBEE1F24F /* Frameworks */ = {
			isa = PBXFrameworksBuildPhase;
			buildActionMask = 2147483647;
			files = (
				4F3E911B1361AF3BB6EF91C0 /* JueceoCore in Frameworks */,
			);
			runOnlyForDeploymentPostprocessing = 0;
		};
		3B25D5C21FD503A6518D36E3 /* Frameworks */ = {
			isa = PBXFrameworksBuildPhase;
			buildActionMask = 2147483647;
			files = (
				0063F6484393362CC94F6B7B /* JueceoCore in Frameworks */,
			);
			runOnlyForDeploymentPostprocessing = 0;
		};
/* End PBXFrameworksBuildPhase section */

/* Begin PBXGroup section */
		040000000000000000000001 = {
			isa = PBXGroup;
			children = (
				040000000000000000000002 /* JueceoCoreografias */,
				040000000000000000000003 /* Products */,
				F93A672FD3CFCF3A05BE1457 /* Frameworks */,
			);
			sourceTree = "<group>";
		};
		040000000000000000000002 /* JueceoCoreografias */ = {
			isa = PBXGroup;
			children = (
				020000000000000000000001 /* JueceoCoreografiasApp.swift */,
				020000000000000000000002 /* AppBrand.swift */,
				040000000000000000000004 /* Views */,
				040000000000000000000005 /* Models */,
				040000000000000000000006 /* Services */,
				020000000000000000000018 /* Assets.xcassets */,
				040000000000000000000007 /* Resources */,
				020000000000000000000013 /* Info.plist */,
				020000000000000000000024 /* Info-macOS.plist */,
				020000000000000000000025 /* Levitate-macOS.entitlements */,
			);
			path = JueceoCoreografias;
			sourceTree = "<group>";
		};
		040000000000000000000003 /* Products */ = {
			isa = PBXGroup;
			children = (
				020000000000000000000014 /* JueceoCoreografias.app */,
				338EC6DF15472F5A8566FDDB /* AuroraCircuit.app */,
				7F22C5F4DAB9F4B197E0A328 /* PrismaOpen.app */,
			);
			name = Products;
			sourceTree = "<group>";
		};
		040000000000000000000004 /* Views */ = {
			isa = PBXGroup;
			children = (
				020000000000000000000004 /* ContentView.swift */,
				020000000000000000000005 /* BlocksView.swift */,
				020000000000000000000006 /* JudgingView.swift */,
				020000000000000000000007 /* ScoresView.swift */,
				020000000000000000000008 /* DictamenView.swift */,
				020000000000000000000016 /* ExcelImportView.swift */,
				020000000000000000000017 /* AdminView.swift */,
				020000000000000000000019 /* FavoritesView.swift */,
				020000000000000000000022 /* PhoneContentView.swift */,
			);
			path = Views;
			sourceTree = "<group>";
		};
		040000000000000000000005 /* Models */ = {
			isa = PBXGroup;
			children = (
				020000000000000000000003 /* JudgingStore.swift */,
			);
			path = Models;
			sourceTree = "<group>";
		};
		040000000000000000000006 /* Services */ = {
			isa = PBXGroup;
			children = (
				020000000000000000000009 /* PDFExporter.swift */,
				020000000000000000000021 /* ScoreSheetPDFExporter.swift */,
				020000000000000000000023 /* JudgingSheetPDFExporter.swift */,
				020000000000000000000010 /* ShareSheet.swift */,
				020000000000000000000015 /* RemoteJudgingRepository.swift */,
				020000000000000000000020 /* GoogleDriveService.swift */,
			);
			path = Services;
			sourceTree = "<group>";
		};
		040000000000000000000007 /* Resources */ = {
			isa = PBXGroup;
			children = (
				020000000000000000000011 /* app_data.json */,
				020000000000000000000012 /* Bloque2.xlsx */,
			);
			path = Resources;
			sourceTree = "<group>";
		};
		57FA1EC99174274A1B8D3AA3 /* iOS */ = {
			isa = PBXGroup;
			children = (
				E47F9C8C4827921C9B19E625 /* Foundation.framework */,
			);
			name = iOS;
			sourceTree = "<group>";
		};
		F93A672FD3CFCF3A05BE1457 /* Frameworks */ = {
			isa = PBXGroup;
			children = (
				57FA1EC99174274A1B8D3AA3 /* iOS */,
			);
			name = Frameworks;
			sourceTree = "<group>";
		};
/* End PBXGroup section */

/* Begin PBXNativeTarget section */
		050000000000000000000001 /* JueceoCoreografias */ = {
			isa = PBXNativeTarget;
			buildConfigurationList = 060000000000000000000004 /* Build configuration list for PBXNativeTarget "JueceoCoreografias" */;
			buildPhases = (
				070000000000000000000001 /* Sources */,
				030000000000000000000001 /* Frameworks */,
				070000000000000000000002 /* Resources */,
			);
			buildRules = (
			);
			dependencies = (
			);
			name = JueceoCoreografias;
			packageProductDependencies = (
				0C0000000000000000000001 /* JueceoCore */,
			);
			productName = JueceoCoreografias;
			productReference = 020000000000000000000014 /* JueceoCoreografias.app */;
			productType = "com.apple.product-type.application";
		};
		68B6563C60A8BCF982006D52 /* PrismaOpen */ = {
			isa = PBXNativeTarget;
			buildConfigurationList = 00CCE2ED4176175BECAFFA87 /* Build configuration list for PBXNativeTarget "PrismaOpen" */;
			buildPhases = (
				400608FD54C96E5910E1672D /* Sources */,
				212BA1B35C8878BEBEE1F24F /* Frameworks */,
				283A329C6F3D42E63C905E44 /* Resources */,
			);
			buildRules = (
			);
			dependencies = (
			);
			name = PrismaOpen;
			packageProductDependencies = (
				0C0000000000000000000001 /* JueceoCore */,
			);
			productName = PrismaOpen;
			productReference = 7F22C5F4DAB9F4B197E0A328 /* PrismaOpen.app */;
			productType = "com.apple.product-type.application";
		};
		9E2F2DD07173AE9EFDE500B0 /* AuroraCircuit */ = {
			isa = PBXNativeTarget;
			buildConfigurationList = 866E2B72736F46D287580443 /* Build configuration list for PBXNativeTarget "AuroraCircuit" */;
			buildPhases = (
				B420CCE8A8986E412CECD60C /* Sources */,
				3B25D5C21FD503A6518D36E3 /* Frameworks */,
				86ACB144CC6311CE5836D00D /* Resources */,
			);
			buildRules = (
			);
			dependencies = (
			);
			name = AuroraCircuit;
			packageProductDependencies = (
				0C0000000000000000000001 /* JueceoCore */,
			);
			productName = AuroraCircuit;
			productReference = 338EC6DF15472F5A8566FDDB /* AuroraCircuit.app */;
			productType = "com.apple.product-type.application";
		};
/* End PBXNativeTarget section */

/* Begin PBXProject section */
		080000000000000000000001 /* Project object */ = {
			isa = PBXProject;
			attributes = {
				BuildIndependentTargetsInParallel = 1;
				LastSwiftUpdateCheck = 2610;
				LastUpgradeCheck = 2610;
				TargetAttributes = {
					050000000000000000000001 = {
						CreatedOnToolsVersion = 26.1.1;
					};
					68B6563C60A8BCF982006D52 = {
						CreatedOnToolsVersion = 26.1.1;
					};
					9E2F2DD07173AE9EFDE500B0 = {
						CreatedOnToolsVersion = 26.1.1;
					};
				};
			};
			buildConfigurationList = 060000000000000000000001 /* Build configuration list for PBXProject "JueceoCoreografias" */;
			compatibilityVersion = "Xcode 14.0";
			developmentRegion = es;
			hasScannedForEncodings = 0;
			knownRegions = (
				es,
				Base,
			);
			mainGroup = 040000000000000000000001;
			packageReferences = (
				0B0000000000000000000001 /* XCLocalSwiftPackageReference "JueceoCore" */,
			);
			productRefGroup = 040000000000000000000003 /* Products */;
			projectDirPath = "";
			projectRoot = "";
			targets = (
				050000000000000000000001 /* JueceoCoreografias */,
				9E2F2DD07173AE9EFDE500B0 /* AuroraCircuit */,
				68B6563C60A8BCF982006D52 /* PrismaOpen */,
			);
		};
/* End PBXProject section */

/* Begin PBXResourcesBuildPhase section */
		070000000000000000000002 /* Resources */ = {
			isa = PBXResourcesBuildPhase;
			buildActionMask = 2147483647;
			files = (
				010000000000000000000011 /* app_data.json in Resources */,
				010000000000000000000012 /* Bloque2.xlsx in Resources */,
				010000000000000000000018 /* Assets.xcassets in Resources */,
			);
			runOnlyForDeploymentPostprocessing = 0;
		};
		283A329C6F3D42E63C905E44 /* Resources */ = {
			isa = PBXResourcesBuildPhase;
			buildActionMask = 2147483647;
			files = (
				D6A5B326BC7C79403A457A56 /* app_data.json in Resources */,
				E003AC50292386BF971F901E /* Bloque2.xlsx in Resources */,
				BE589D329EECB39EF1852A0E /* Assets.xcassets in Resources */,
			);
			runOnlyForDeploymentPostprocessing = 0;
		};
		86ACB144CC6311CE5836D00D /* Resources */ = {
			isa = PBXResourcesBuildPhase;
			buildActionMask = 2147483647;
			files = (
				51872B0E628BBB67BA329ECF /* app_data.json in Resources */,
				BB062D9919ED2B8358413D1A /* Bloque2.xlsx in Resources */,
				EE45E32A0980048126A7FBC3 /* Assets.xcassets in Resources */,
			);
			runOnlyForDeploymentPostprocessing = 0;
		};
/* End PBXResourcesBuildPhase section */

/* Begin PBXSourcesBuildPhase section */
		070000000000000000000001 /* Sources */ = {
			isa = PBXSourcesBuildPhase;
			buildActionMask = 2147483647;
			files = (
				010000000000000000000001 /* JueceoCoreografiasApp.swift in Sources */,
				010000000000000000000002 /* AppBrand.swift in Sources */,
				010000000000000000000003 /* JudgingStore.swift in Sources */,
				010000000000000000000004 /* ContentView.swift in Sources */,
				010000000000000000000005 /* BlocksView.swift in Sources */,
				010000000000000000000006 /* JudgingView.swift in Sources */,
				010000000000000000000007 /* ScoresView.swift in Sources */,
				010000000000000000000008 /* DictamenView.swift in Sources */,
				010000000000000000000016 /* ExcelImportView.swift in Sources */,
				010000000000000000000017 /* AdminView.swift in Sources */,
				010000000000000000000019 /* FavoritesView.swift in Sources */,
				010000000000000000000022 /* PhoneContentView.swift in Sources */,
				010000000000000000000009 /* PDFExporter.swift in Sources */,
				010000000000000000000021 /* ScoreSheetPDFExporter.swift in Sources */,
				010000000000000000000023 /* JudgingSheetPDFExporter.swift in Sources */,
				010000000000000000000010 /* ShareSheet.swift in Sources */,
				010000000000000000000015 /* RemoteJudgingRepository.swift in Sources */,
				010000000000000000000020 /* GoogleDriveService.swift in Sources */,
			);
			runOnlyForDeploymentPostprocessing = 0;
		};
		400608FD54C96E5910E1672D /* Sources */ = {
			isa = PBXSourcesBuildPhase;
			buildActionMask = 2147483647;
			files = (
				AAF6BF9081E1FA4F76DB05C3 /* JueceoCoreografiasApp.swift in Sources */,
				3BDD28C3314EDDDE47A7C38D /* AppBrand.swift in Sources */,
				291F293D9C43D1C36E689BF9 /* JudgingStore.swift in Sources */,
				0045DC852AE0C667B3EEBE69 /* ContentView.swift in Sources */,
				6958AB6D5DB56DF568C3E079 /* BlocksView.swift in Sources */,
				B7956628AD247428479DEFED /* JudgingView.swift in Sources */,
				17A773F34CE38DFAA8954469 /* ScoresView.swift in Sources */,
				A3171D964CAE9A2DE4BAFE6D /* DictamenView.swift in Sources */,
				F54A80E31EE82D59752823F6 /* ExcelImportView.swift in Sources */,
				144FC3AD4EF5762E1AD02EB0 /* AdminView.swift in Sources */,
				30A5D04237009829B5AD719F /* FavoritesView.swift in Sources */,
				B1442A576BE79BD735B7E8BC /* PhoneContentView.swift in Sources */,
				BF9528BF9AADA94C8515A3BF /* PDFExporter.swift in Sources */,
				86EEDA77B9DD4FA045187A64 /* ScoreSheetPDFExporter.swift in Sources */,
				E29BF9397F103CEE0A853291 /* JudgingSheetPDFExporter.swift in Sources */,
				3FFB28DF6B4242DFC112049B /* ShareSheet.swift in Sources */,
				3A622DDD53434122E91795E2 /* RemoteJudgingRepository.swift in Sources */,
				DF6706125F4380C273180F1D /* GoogleDriveService.swift in Sources */,
			);
			runOnlyForDeploymentPostprocessing = 0;
		};
		B420CCE8A8986E412CECD60C /* Sources */ = {
			isa = PBXSourcesBuildPhase;
			buildActionMask = 2147483647;
			files = (
				FC48908535AF3CBF0A990B7C /* JueceoCoreografiasApp.swift in Sources */,
				D0644C1B7F11FBE935675184 /* AppBrand.swift in Sources */,
				8DAA140C92398650BB95CDB9 /* JudgingStore.swift in Sources */,
				B4C6D1C82167BD132875FCDB /* ContentView.swift in Sources */,
				2EF11AEB368DAED83ACECAF7 /* BlocksView.swift in Sources */,
				CE12A8007CA5CD82669F4532 /* JudgingView.swift in Sources */,
				4892FDBE6840B7750213FA05 /* ScoresView.swift in Sources */,
				AB0189ED731D983AF3F628E5 /* DictamenView.swift in Sources */,
				47899F346D1F3BC63EE5D720 /* ExcelImportView.swift in Sources */,
				599B493CCF983573795364EF /* AdminView.swift in Sources */,
				2A1F5535B15A17F5B7C5464D /* FavoritesView.swift in Sources */,
				099588A0FC509B83D3DBFAFE /* PhoneContentView.swift in Sources */,
				889308D0EBEDC8D1864E38D3 /* PDFExporter.swift in Sources */,
				0092E5FE586F026AEC35EF92 /* ScoreSheetPDFExporter.swift in Sources */,
				C3416F754724D80C6D84DD48 /* JudgingSheetPDFExporter.swift in Sources */,
				893428710B16C279CE2D3E62 /* ShareSheet.swift in Sources */,
				4A77EA15DA8EBC2EC32D5836 /* RemoteJudgingRepository.swift in Sources */,
				17B9194FA302E3FE84436846 /* GoogleDriveService.swift in Sources */,
			);
			runOnlyForDeploymentPostprocessing = 0;
		};
/* End PBXSourcesBuildPhase section */

/* Begin XCBuildConfiguration section */
		090000000000000000000001 /* Debug */ = {
			isa = XCBuildConfiguration;
			buildSettings = {
				ALWAYS_SEARCH_USER_PATHS = NO;
				CLANG_ANALYZER_NONNULL = YES;
				CLANG_ANALYZER_NUMBER_OBJECT_CONVERSION = YES_AGGRESSIVE;
				CLANG_CXX_LANGUAGE_STANDARD = "gnu++20";
				CLANG_ENABLE_MODULES = YES;
				CLANG_ENABLE_OBJC_ARC = YES;
				CLANG_ENABLE_OBJC_WEAK = YES;
				CLANG_WARN_BLOCK_CAPTURE_AUTORELEASING = YES;
				CLANG_WARN_BOOL_CONVERSION = YES;
				CLANG_WARN_COMMA = YES;
				CLANG_WARN_CONSTANT_CONVERSION = YES;
				CLANG_WARN_DEPRECATED_OBJC_IMPLEMENTATIONS = YES;
				CLANG_WARN_DIRECT_OBJC_ISA_USAGE = YES_ERROR;
				CLANG_WARN_DOCUMENTATION_COMMENTS = YES;
				CLANG_WARN_EMPTY_BODY = YES;
				CLANG_WARN_ENUM_CONVERSION = YES;
				CLANG_WARN_INFINITE_RECURSION = YES;
				CLANG_WARN_INT_CONVERSION = YES;
				CLANG_WARN_NON_LITERAL_NULL_CONVERSION = YES;
				CLANG_WARN_OBJC_IMPLICIT_RETAIN_SELF = YES;
				CLANG_WARN_OBJC_LITERAL_CONVERSION = YES;
				CLANG_WARN_OBJC_ROOT_CLASS = YES_ERROR;
				CLANG_WARN_QUOTED_INCLUDE_IN_FRAMEWORK_HEADER = YES;
				CLANG_WARN_RANGE_LOOP_ANALYSIS = YES;
				CLANG_WARN_STRICT_PROTOTYPES = YES;
				CLANG_WARN_SUSPICIOUS_MOVE = YES;
				CLANG_WARN_UNGUARDED_AVAILABILITY = YES_AGGRESSIVE;
				CLANG_WARN_UNREACHABLE_CODE = YES;
				CLANG_WARN__DUPLICATE_METHOD_MATCH = YES;
				COPY_PHASE_STRIP = NO;
				DEBUG_INFORMATION_FORMAT = dwarf;
				ENABLE_STRICT_OBJC_MSGSEND = YES;
				ENABLE_TESTABILITY = YES;
				GCC_C_LANGUAGE_STANDARD = gnu17;
				GCC_DYNAMIC_NO_PIC = NO;
				GCC_NO_COMMON_BLOCKS = YES;
				GCC_OPTIMIZATION_LEVEL = 0;
				GCC_PREPROCESSOR_DEFINITIONS = (
					"DEBUG=1",
					"$(inherited)",
				);
				GCC_WARN_64_TO_32_BIT_CONVERSION = YES;
				GCC_WARN_ABOUT_RETURN_TYPE = YES_ERROR;
				GCC_WARN_UNDECLARED_SELECTOR = YES;
				GCC_WARN_UNINITIALIZED_AUTOS = YES_AGGRESSIVE;
				GCC_WARN_UNUSED_FUNCTION = YES;
				GCC_WARN_UNUSED_VARIABLE = YES;
				IPHONEOS_DEPLOYMENT_TARGET = 17.0;
				MTL_ENABLE_DEBUG_INFO = INCLUDE_SOURCE;
				MTL_FAST_MATH = YES;
				ONLY_ACTIVE_ARCH = YES;
				SDKROOT = iphoneos;
				SWIFT_ACTIVE_COMPILATION_CONDITIONS = DEBUG;
				SWIFT_OPTIMIZATION_LEVEL = "-Onone";
			};
			name = Debug;
		};
		090000000000000000000002 /* Release */ = {
			isa = XCBuildConfiguration;
			buildSettings = {
				ALWAYS_SEARCH_USER_PATHS = NO;
				CLANG_ANALYZER_NONNULL = YES;
				CLANG_ANALYZER_NUMBER_OBJECT_CONVERSION = YES_AGGRESSIVE;
				CLANG_CXX_LANGUAGE_STANDARD = "gnu++20";
				CLANG_ENABLE_MODULES = YES;
				CLANG_ENABLE_OBJC_ARC = YES;
				CLANG_ENABLE_OBJC_WEAK = YES;
				CLANG_WARN_BLOCK_CAPTURE_AUTORELEASING = YES;
				CLANG_WARN_BOOL_CONVERSION = YES;
				CLANG_WARN_COMMA = YES;
				CLANG_WARN_CONSTANT_CONVERSION = YES;
				CLANG_WARN_DEPRECATED_OBJC_IMPLEMENTATIONS = YES;
				CLANG_WARN_DIRECT_OBJC_ISA_USAGE = YES_ERROR;
				CLANG_WARN_DOCUMENTATION_COMMENTS = YES;
				CLANG_WARN_EMPTY_BODY = YES;
				CLANG_WARN_ENUM_CONVERSION = YES;
				CLANG_WARN_INFINITE_RECURSION = YES;
				CLANG_WARN_INT_CONVERSION = YES;
				CLANG_WARN_NON_LITERAL_NULL_CONVERSION = YES;
				CLANG_WARN_OBJC_IMPLICIT_RETAIN_SELF = YES;
				CLANG_WARN_OBJC_LITERAL_CONVERSION = YES;
				CLANG_WARN_OBJC_ROOT_CLASS = YES_ERROR;
				CLANG_WARN_QUOTED_INCLUDE_IN_FRAMEWORK_HEADER = YES;
				CLANG_WARN_RANGE_LOOP_ANALYSIS = YES;
				CLANG_WARN_STRICT_PROTOTYPES = YES;
				CLANG_WARN_SUSPICIOUS_MOVE = YES;
				CLANG_WARN_UNGUARDED_AVAILABILITY = YES_AGGRESSIVE;
				CLANG_WARN_UNREACHABLE_CODE = YES;
				CLANG_WARN__DUPLICATE_METHOD_MATCH = YES;
				COPY_PHASE_STRIP = NO;
				DEBUG_INFORMATION_FORMAT = "dwarf-with-dsym";
				ENABLE_NS_ASSERTIONS = NO;
				ENABLE_STRICT_OBJC_MSGSEND = YES;
				GCC_C_LANGUAGE_STANDARD = gnu17;
				GCC_NO_COMMON_BLOCKS = YES;
				GCC_WARN_64_TO_32_BIT_CONVERSION = YES;
				GCC_WARN_ABOUT_RETURN_TYPE = YES_ERROR;
				GCC_WARN_UNDECLARED_SELECTOR = YES;
				GCC_WARN_UNINITIALIZED_AUTOS = YES_AGGRESSIVE;
				GCC_WARN_UNUSED_FUNCTION = YES;
				GCC_WARN_UNUSED_VARIABLE = YES;
				IPHONEOS_DEPLOYMENT_TARGET = 17.0;
				MTL_ENABLE_DEBUG_INFO = NO;
				MTL_FAST_MATH = YES;
				SDKROOT = iphoneos;
				SWIFT_COMPILATION_MODE = wholemodule;
				SWIFT_OPTIMIZATION_LEVEL = "-O";
				VALIDATE_PRODUCT = YES;
			};
			name = Release;
		};
		090000000000000000000003 /* Debug */ = {
			isa = XCBuildConfiguration;
			buildSettings = {
				APP_DISPLAY_NAME = Levitate;
				ASSETCATALOG_COMPILER_APPICON_NAME = AppIcon;
				"CODE_SIGN_ENTITLEMENTS[sdk=macosx*]" = "JueceoCoreografias/Levitate-macOS.entitlements";
				CODE_SIGN_STYLE = Automatic;
				CURRENT_PROJECT_VERSION = 19;
				DERIVE_MACCATALYST_PRODUCT_BUNDLE_IDENTIFIER = NO;
				DEVELOPMENT_TEAM = F2VBZV9LC6;
				"ENABLE_HARDENED_RUNTIME[sdk=macosx*]" = YES;
				GENERATE_INFOPLIST_FILE = NO;
				GOOGLE_CLIENT_ID = "951737113454-rf3b35lkbk57muqi8naue3ql5v8i2hi9.apps.googleusercontent.com";
				GOOGLE_DRIVE_ROOT_FOLDER = "FEEDBACK LEVITATE MX";
				GOOGLE_REVERSED_CLIENT_ID = "com.googleusercontent.apps.951737113454-rf3b35lkbk57muqi8naue3ql5v8i2hi9";
				INFOPLIST_FILE = JueceoCoreografias/Info.plist;
				"INFOPLIST_FILE[sdk=macosx*]" = "JueceoCoreografias/Info-macOS.plist";
				IPHONEOS_DEPLOYMENT_TARGET = 17.0;
				LD_RUNPATH_SEARCH_PATHS = (
					"$(inherited)",
					"@executable_path/Frameworks",
				);
				"LD_RUNPATH_SEARCH_PATHS[sdk=macosx*]" = (
					"$(inherited)",
					"@executable_path/../Frameworks",
				);
				MACOSX_DEPLOYMENT_TARGET = 14.0;
				MARKETING_VERSION = 1.0;
				PRODUCT_BUNDLE_IDENTIFIER = com.goldencrowvs.jueceolevitate;
				"PRODUCT_BUNDLE_IDENTIFIER[sdk=macosx*]" = com.goldencrowvs.jueceolevitate.mac;
				PRODUCT_NAME = Levitate;
				SDKROOT = iphoneos;
				SUPPORTED_PLATFORMS = "iphoneos iphonesimulator macosx";
				SUPPORTS_MACCATALYST = YES;
				SWIFT_EMIT_LOC_STRINGS = YES;
				SWIFT_VERSION = 6.0;
				TARGETED_DEVICE_FAMILY = "1,2,6";
			};
			name = Debug;
		};
		090000000000000000000004 /* Release */ = {
			isa = XCBuildConfiguration;
			buildSettings = {
				APP_DISPLAY_NAME = Levitate;
				ASSETCATALOG_COMPILER_APPICON_NAME = AppIcon;
				"CODE_SIGN_ENTITLEMENTS[sdk=macosx*]" = "JueceoCoreografias/Levitate-macOS.entitlements";
				CODE_SIGN_STYLE = Automatic;
				CURRENT_PROJECT_VERSION = 19;
				DERIVE_MACCATALYST_PRODUCT_BUNDLE_IDENTIFIER = NO;
				DEVELOPMENT_TEAM = F2VBZV9LC6;
				"ENABLE_HARDENED_RUNTIME[sdk=macosx*]" = YES;
				GENERATE_INFOPLIST_FILE = NO;
				GOOGLE_CLIENT_ID = "951737113454-rf3b35lkbk57muqi8naue3ql5v8i2hi9.apps.googleusercontent.com";
				GOOGLE_DRIVE_ROOT_FOLDER = "FEEDBACK LEVITATE MX";
				GOOGLE_REVERSED_CLIENT_ID = "com.googleusercontent.apps.951737113454-rf3b35lkbk57muqi8naue3ql5v8i2hi9";
				INFOPLIST_FILE = JueceoCoreografias/Info.plist;
				"INFOPLIST_FILE[sdk=macosx*]" = "JueceoCoreografias/Info-macOS.plist";
				IPHONEOS_DEPLOYMENT_TARGET = 17.0;
				LD_RUNPATH_SEARCH_PATHS = (
					"$(inherited)",
					"@executable_path/Frameworks",
				);
				"LD_RUNPATH_SEARCH_PATHS[sdk=macosx*]" = (
					"$(inherited)",
					"@executable_path/../Frameworks",
				);
				MACOSX_DEPLOYMENT_TARGET = 14.0;
				MARKETING_VERSION = 1.0;
				PRODUCT_BUNDLE_IDENTIFIER = com.goldencrowvs.jueceolevitate;
				"PRODUCT_BUNDLE_IDENTIFIER[sdk=macosx*]" = com.goldencrowvs.jueceolevitate.mac;
				PRODUCT_NAME = Levitate;
				SDKROOT = iphoneos;
				SUPPORTED_PLATFORMS = "iphoneos iphonesimulator macosx";
				SUPPORTS_MACCATALYST = YES;
				SWIFT_EMIT_LOC_STRINGS = YES;
				SWIFT_VERSION = 6.0;
				TARGETED_DEVICE_FAMILY = "1,2,6";
			};
			name = Release;
		};
		4087976FFDA062E5E1575BFD /* Debug */ = {
			isa = XCBuildConfiguration;
			buildSettings = {
				APP_DISPLAY_NAME = "Prisma Open";
				ASSETCATALOG_COMPILER_APPICON_NAME = AppIcon;
				"CODE_SIGN_ENTITLEMENTS[sdk=macosx*]" = "JueceoCoreografias/Levitate-macOS.entitlements";
				CODE_SIGN_STYLE = Automatic;
				CURRENT_PROJECT_VERSION = 19;
				DERIVE_MACCATALYST_PRODUCT_BUNDLE_IDENTIFIER = NO;
				DEVELOPMENT_TEAM = F2VBZV9LC6;
				"ENABLE_HARDENED_RUNTIME[sdk=macosx*]" = YES;
				GENERATE_INFOPLIST_FILE = NO;
				GOOGLE_CLIENT_ID = "951737113454-rf3b35lkbk57muqi8naue3ql5v8i2hi9.apps.googleusercontent.com";
				GOOGLE_DRIVE_ROOT_FOLDER = "FEEDBACK PRISMA OPEN";
				GOOGLE_REVERSED_CLIENT_ID = "com.googleusercontent.apps.951737113454-rf3b35lkbk57muqi8naue3ql5v8i2hi9";
				INFOPLIST_FILE = JueceoCoreografias/Info.plist;
				"INFOPLIST_FILE[sdk=macosx*]" = "JueceoCoreografias/Info-macOS.plist";
				IPHONEOS_DEPLOYMENT_TARGET = 17.0;
				LD_RUNPATH_SEARCH_PATHS = (
					"$(inherited)",
					"@executable_path/Frameworks",
				);
				"LD_RUNPATH_SEARCH_PATHS[sdk=macosx*]" = (
					"$(inherited)",
					"@executable_path/../Frameworks",
				);
				MACOSX_DEPLOYMENT_TARGET = 14.0;
				MARKETING_VERSION = 1.0;
				PRODUCT_BUNDLE_IDENTIFIER = com.goldencrowvs.jueceoprismaopen;
				"PRODUCT_BUNDLE_IDENTIFIER[sdk=macosx*]" = com.goldencrowvs.jueceoprismaopen.mac;
				PRODUCT_NAME = PrismaOpen;
				SDKROOT = iphoneos;
				SUPPORTED_PLATFORMS = "iphoneos iphonesimulator macosx";
				SUPPORTS_MACCATALYST = YES;
				SWIFT_ACTIVE_COMPILATION_CONDITIONS = "$(inherited) PRISMA_OPEN";
				SWIFT_EMIT_LOC_STRINGS = YES;
				SWIFT_VERSION = 6.0;
				TARGETED_DEVICE_FAMILY = "1,2,6";
			};
			name = Debug;
		};
		852B0B6AD1FCED515E758179 /* Release */ = {
			isa = XCBuildConfiguration;
			buildSettings = {
				APP_DISPLAY_NAME = "Prisma Open";
				ASSETCATALOG_COMPILER_APPICON_NAME = AppIcon;
				"CODE_SIGN_ENTITLEMENTS[sdk=macosx*]" = "JueceoCoreografias/Levitate-macOS.entitlements";
				CODE_SIGN_STYLE = Automatic;
				CURRENT_PROJECT_VERSION = 19;
				DERIVE_MACCATALYST_PRODUCT_BUNDLE_IDENTIFIER = NO;
				DEVELOPMENT_TEAM = F2VBZV9LC6;
				"ENABLE_HARDENED_RUNTIME[sdk=macosx*]" = YES;
				GENERATE_INFOPLIST_FILE = NO;
				GOOGLE_CLIENT_ID = "951737113454-rf3b35lkbk57muqi8naue3ql5v8i2hi9.apps.googleusercontent.com";
				GOOGLE_DRIVE_ROOT_FOLDER = "FEEDBACK PRISMA OPEN";
				GOOGLE_REVERSED_CLIENT_ID = "com.googleusercontent.apps.951737113454-rf3b35lkbk57muqi8naue3ql5v8i2hi9";
				INFOPLIST_FILE = JueceoCoreografias/Info.plist;
				"INFOPLIST_FILE[sdk=macosx*]" = "JueceoCoreografias/Info-macOS.plist";
				IPHONEOS_DEPLOYMENT_TARGET = 17.0;
				LD_RUNPATH_SEARCH_PATHS = (
					"$(inherited)",
					"@executable_path/Frameworks",
				);
				"LD_RUNPATH_SEARCH_PATHS[sdk=macosx*]" = (
					"$(inherited)",
					"@executable_path/../Frameworks",
				);
				MACOSX_DEPLOYMENT_TARGET = 14.0;
				MARKETING_VERSION = 1.0;
				PRODUCT_BUNDLE_IDENTIFIER = com.goldencrowvs.jueceoprismaopen;
				"PRODUCT_BUNDLE_IDENTIFIER[sdk=macosx*]" = com.goldencrowvs.jueceoprismaopen.mac;
				PRODUCT_NAME = PrismaOpen;
				SDKROOT = iphoneos;
				SUPPORTED_PLATFORMS = "iphoneos iphonesimulator macosx";
				SUPPORTS_MACCATALYST = YES;
				SWIFT_ACTIVE_COMPILATION_CONDITIONS = "$(inherited) PRISMA_OPEN";
				SWIFT_EMIT_LOC_STRINGS = YES;
				SWIFT_VERSION = 6.0;
				TARGETED_DEVICE_FAMILY = "1,2,6";
			};
			name = Release;
		};
		A396D101CABCC9BACDF5356B /* Release */ = {
			isa = XCBuildConfiguration;
			buildSettings = {
				APP_DISPLAY_NAME = "Aurora Circuit";
				ASSETCATALOG_COMPILER_APPICON_NAME = AppIcon;
				"CODE_SIGN_ENTITLEMENTS[sdk=macosx*]" = "JueceoCoreografias/Levitate-macOS.entitlements";
				CODE_SIGN_STYLE = Automatic;
				CURRENT_PROJECT_VERSION = 19;
				DERIVE_MACCATALYST_PRODUCT_BUNDLE_IDENTIFIER = NO;
				DEVELOPMENT_TEAM = F2VBZV9LC6;
				"ENABLE_HARDENED_RUNTIME[sdk=macosx*]" = YES;
				GENERATE_INFOPLIST_FILE = NO;
				GOOGLE_CLIENT_ID = "951737113454-rf3b35lkbk57muqi8naue3ql5v8i2hi9.apps.googleusercontent.com";
				GOOGLE_DRIVE_ROOT_FOLDER = "FEEDBACK AURORA CIRCUIT";
				GOOGLE_REVERSED_CLIENT_ID = "com.googleusercontent.apps.951737113454-rf3b35lkbk57muqi8naue3ql5v8i2hi9";
				INFOPLIST_FILE = JueceoCoreografias/Info.plist;
				"INFOPLIST_FILE[sdk=macosx*]" = "JueceoCoreografias/Info-macOS.plist";
				IPHONEOS_DEPLOYMENT_TARGET = 17.0;
				LD_RUNPATH_SEARCH_PATHS = (
					"$(inherited)",
					"@executable_path/Frameworks",
				);
				"LD_RUNPATH_SEARCH_PATHS[sdk=macosx*]" = (
					"$(inherited)",
					"@executable_path/../Frameworks",
				);
				MACOSX_DEPLOYMENT_TARGET = 14.0;
				MARKETING_VERSION = 1.0;
				PRODUCT_BUNDLE_IDENTIFIER = com.goldencrowvs.jueceoauroracircuit;
				"PRODUCT_BUNDLE_IDENTIFIER[sdk=macosx*]" = com.goldencrowvs.jueceoauroracircuit.mac;
				PRODUCT_NAME = AuroraCircuit;
				SDKROOT = iphoneos;
				SUPPORTED_PLATFORMS = "iphoneos iphonesimulator macosx";
				SUPPORTS_MACCATALYST = YES;
				SWIFT_ACTIVE_COMPILATION_CONDITIONS = "$(inherited) AURORA_CIRCUIT";
				SWIFT_EMIT_LOC_STRINGS = YES;
				SWIFT_VERSION = 6.0;
				TARGETED_DEVICE_FAMILY = "1,2,6";
			};
			name = Release;
		};
		FB3F5BAB7FBD76F5110C403A /* Debug */ = {
			isa = XCBuildConfiguration;
			buildSettings = {
				APP_DISPLAY_NAME = "Aurora Circuit";
				ASSETCATALOG_COMPILER_APPICON_NAME = AppIcon;
				"CODE_SIGN_ENTITLEMENTS[sdk=macosx*]" = "JueceoCoreografias/Levitate-macOS.entitlements";
				CODE_SIGN_STYLE = Automatic;
				CURRENT_PROJECT_VERSION = 19;
				DERIVE_MACCATALYST_PRODUCT_BUNDLE_IDENTIFIER = NO;
				DEVELOPMENT_TEAM = F2VBZV9LC6;
				"ENABLE_HARDENED_RUNTIME[sdk=macosx*]" = YES;
				GENERATE_INFOPLIST_FILE = NO;
				GOOGLE_CLIENT_ID = "951737113454-rf3b35lkbk57muqi8naue3ql5v8i2hi9.apps.googleusercontent.com";
				GOOGLE_DRIVE_ROOT_FOLDER = "FEEDBACK AURORA CIRCUIT";
				GOOGLE_REVERSED_CLIENT_ID = "com.googleusercontent.apps.951737113454-rf3b35lkbk57muqi8naue3ql5v8i2hi9";
				INFOPLIST_FILE = JueceoCoreografias/Info.plist;
				"INFOPLIST_FILE[sdk=macosx*]" = "JueceoCoreografias/Info-macOS.plist";
				IPHONEOS_DEPLOYMENT_TARGET = 17.0;
				LD_RUNPATH_SEARCH_PATHS = (
					"$(inherited)",
					"@executable_path/Frameworks",
				);
				"LD_RUNPATH_SEARCH_PATHS[sdk=macosx*]" = (
					"$(inherited)",
					"@executable_path/../Frameworks",
				);
				MACOSX_DEPLOYMENT_TARGET = 14.0;
				MARKETING_VERSION = 1.0;
				PRODUCT_BUNDLE_IDENTIFIER = com.goldencrowvs.jueceoauroracircuit;
				"PRODUCT_BUNDLE_IDENTIFIER[sdk=macosx*]" = com.goldencrowvs.jueceoauroracircuit.mac;
				PRODUCT_NAME = AuroraCircuit;
				SDKROOT = iphoneos;
				SUPPORTED_PLATFORMS = "iphoneos iphonesimulator macosx";
				SUPPORTS_MACCATALYST = YES;
				SWIFT_ACTIVE_COMPILATION_CONDITIONS = "$(inherited) AURORA_CIRCUIT";
				SWIFT_EMIT_LOC_STRINGS = YES;
				SWIFT_VERSION = 6.0;
				TARGETED_DEVICE_FAMILY = "1,2,6";
			};
			name = Debug;
		};
/* End XCBuildConfiguration section */

/* Begin XCConfigurationList section */
		00CCE2ED4176175BECAFFA87 /* Build configuration list for PBXNativeTarget "PrismaOpen" */ = {
			isa = XCConfigurationList;
			buildConfigurations = (
				852B0B6AD1FCED515E758179 /* Release */,
				4087976FFDA062E5E1575BFD /* Debug */,
			);
			defaultConfigurationIsVisible = 0;
			defaultConfigurationName = Release;
		};
		060000000000000000000001 /* Build configuration list for PBXProject "JueceoCoreografias" */ = {
			isa = XCConfigurationList;
			buildConfigurations = (
				090000000000000000000001 /* Debug */,
				090000000000000000000002 /* Release */,
			);
			defaultConfigurationIsVisible = 0;
			defaultConfigurationName = Release;
		};
		060000000000000000000004 /* Build configuration list for PBXNativeTarget "JueceoCoreografias" */ = {
			isa = XCConfigurationList;
			buildConfigurations = (
				090000000000000000000003 /* Debug */,
				090000000000000000000004 /* Release */,
			);
			defaultConfigurationIsVisible = 0;
			defaultConfigurationName = Release;
		};
		866E2B72736F46D287580443 /* Build configuration list for PBXNativeTarget "AuroraCircuit" */ = {
			isa = XCConfigurationList;
			buildConfigurations = (
				A396D101CABCC9BACDF5356B /* Release */,
				FB3F5BAB7FBD76F5110C403A /* Debug */,
			);
			defaultConfigurationIsVisible = 0;
			defaultConfigurationName = Release;
		};
/* End XCConfigurationList section */

/* Begin XCLocalSwiftPackageReference section */
		0B0000000000000000000001 /* XCLocalSwiftPackageReference "JueceoCore" */ = {
			isa = XCLocalSwiftPackageReference;
			relativePath = Packages/JueceoCore;
		};
/* End XCLocalSwiftPackageReference section */

/* Begin XCSwiftPackageProductDependency section */
		0C0000000000000000000001 /* JueceoCore */ = {
			isa = XCSwiftPackageProductDependency;
			package = 0B0000000000000000000001 /* XCLocalSwiftPackageReference "JueceoCore" */;
			productName = JueceoCore;
		};
/* End XCSwiftPackageProductDependency section */
	};
	rootObject = 080000000000000000000001 /* Project object */;
}
